
Microsoft Visual Studio Solution File, Format Version 12.00
# Visual Studio 14
VisualStudioVersion = 14.0.25420.1
MinimumVisualStudioVersion = 10.0.40219.1
Project("{FAE04EC0-301F-11D3-BF4B-00C04F79EFBC}") = "Rh.DateRange.Picker", "Rh.DateRange.Picker\Rh.DateRange.Picker.csproj", "{96416AAD-BC52-46AA-BB24-3AFF91FC5473}"
EndProject
Project("{FAE04EC0-301F-11D3-BF4B-00C04F79EFBC}") = "Rh.DateRange.Picker.Examples", "Rh.DateRange.Picker.Examples\Rh.DateRange.Picker.Examples.csproj", "{F3DF22C2-10F4-429D-9C4D-007E4D899DF6}"
EndProject
Project("{FAE04EC0-301F-11D3-BF4B-00C04F79EFBC}") = "Rh.DateRange.Picker.Tests", "Rh.DateRange.Picker.Tests\Rh.DateRange.Picker.Tests.csproj", "{F34E4C66-A154-4B8F-984A-4923F63925AB}"
EndProject
Project("{2150E333-8FDC-42A3-9474-1A3956D46DE8}") = "Solution Items", "Solution Items", "{B71E5B4F-6230-4563-B6C4-C90B170405E4}"
	ProjectSection(SolutionItems) = preProject
		docs\DateRangePickerHorizontal.png = docs\DateRangePickerHorizontal.png
		docs\DateRangePickerVertical.png = docs\DateRangePickerVertical.png
		LICENSE.txt = LICENSE.txt
		README.md = README.md
		Rh.DateRange.Picker\Rh.DateRange.Picker.licenseheader = Rh.DateRange.Picker\Rh.DateRange.Picker.licenseheader
	EndProjectSection
EndProject
Global
	GlobalSection(SolutionConfigurationPlatforms) = preSolution
		Debug|Any CPU = Debug|Any CPU
		Release|Any CPU = Release|Any CPU
	EndGlobalSection
	GlobalSection(ProjectConfigurationPlatforms) = postSolution
		{96416AAD-BC52-46AA-BB24-3AFF91FC5473}.Debug|Any CPU.ActiveCfg = Debug|Any CPU
		{96416AAD-BC52-46AA-BB24-3AFF91FC5473}.Debug|Any CPU.Build.0 = Debug|Any CPU
		{96416AAD-BC52-46AA-BB24-3AFF91FC5473}.Release|Any CPU.ActiveCfg = Release|Any CPU
		{96416AAD-BC52-46AA-BB24-3AFF91FC5473}.Release|Any CPU.Build.0 = Release|Any CPU
		{F3DF22C2-10F4-429D-9C4D-007E4D899DF6}.Debug|Any CPU.ActiveCfg = Debug|Any CPU
		{F3DF22C2-10F4-429D-9C4D-007E4D899DF6}.Debug|Any CPU.Build.0 = Debug|Any CPU
		{F3DF22C2-10F4-429D-9C4D-007E4D899DF6}.Release|Any CPU.ActiveCfg = Release|Any CPU
		{F3DF22C2-10F4-429D-9C4D-007E4D899DF6}.Release|Any CPU.Build.0 = Release|Any CPU
		{F34E4C66-A154-4B8F-984A-4923F63925AB}.Debug|Any CPU.ActiveCfg = Debug|Any CPU
		{F34E4C66-A154-4B8F-984A-4923F63925AB}.Debug|Any CPU.Build.0 = Debug|Any CPU
		{F34E4C66-A154-4B8F-984A-4923F63925AB}.Release|Any CPU.ActiveCfg = Release|Any CPU
		{F34E4C66-A154-4B8F-984A-4923F63925AB}.Release|Any CPU.Build.0 = Release|Any CPU
	EndGlobalSection
	GlobalSection(SolutionProperties) = preSolution
		HideSolutionNode = FALSE
	EndGlobalSection
EndGlobal
